
Microsoft Visual Studio Solution File, Format Version 12.00
# Visual Studio Version 17
VisualStudioVersion = 17.3.32901.215
MinimumVisualStudioVersion = 10.0.40219.1
Project("{F184B08F-C81C-45F6-A57F-5ABD9991F28F}") = "Daten", "Daten\Daten.vbproj", "{24588121-965F-4FD8-A3BC-70D98034C1BE}"
EndProject
Project("{F184B08F-C81C-45F6-A57F-5ABD9991F28F}") = "DMXController", "DMXController\DMXController.vbproj", "{1D0F991E-029D-4DF9-AF05-955F0C8849BF}"
EndProject
Project("{F184B08F-C81C-45F6-A57F-5ABD9991F28F}") = "DMXServerPlugin", "DMXServerPlugin\DMXServerPlugin.vbproj", "{18C468E0-B4F0-4F26-AECF-D072DF9D0EAD}"
EndProject
Project("{F184B08F-C81C-45F6-A57F-5ABD9991F28F}") = "EisenbahnServer", "EisenbahnServer\EisenbahnServer.vbproj", "{1D1B4BDB-1263-4BF6-9C55-E838351B4FA3}"
EndProject
Project("{FAE04EC0-301F-11D3-BF4B-00C04F79EFBC}") = "MediaProvider", "MediaProvider\MediaProvider.csproj", "{30835CE6-BA60-41FD-9638-8C3706733B07}"
EndProject
Project("{F184B08F-C81C-45F6-A57F-5ABD9991F28F}") = "V5PluginKompaitibilitaet", "V5PluginKompaitibilitaet\V5PluginKompaitibilitaet.vbproj", "{1F3A5E52-472D-4EA2-8306-86A5EB1A4FDA}"
EndProject
Project("{F184B08F-C81C-45F6-A57F-5ABD9991F28F}") = "V5PluginLoader", "V5PluginLoader\V5PluginLoader.vbproj", "{29891BA0-047E-40B3-AD96-F8E53CD7B3D6}"
EndProject
Project("{F184B08F-C81C-45F6-A57F-5ABD9991F28F}") = "ControlInterface", "V5PluginLoader\ControlInterface\ControlInterfaceDLL\ControlInterface\ControlInterface.vbproj", "{E02C902E-E5D1-4ABE-B1DE-F4756FBE187C}"
EndProject
Project("{FAE04EC0-301F-11D3-BF4B-00C04F79EFBC}") = "Browser", "Browser\Browser.csproj", "{10E30F77-31F7-425B-B615-842881A633B6}"
EndProject
Project("{FAE04EC0-301F-11D3-BF4B-00C04F79EFBC}") = "DMXServer", "DMXServer\DMXServer.csproj", "{336D1285-336B-4143-8C8A-6A6ABC7EE986}"
EndProject
Project("{FAE04EC0-301F-11D3-BF4B-00C04F79EFBC}") = "Hue", "Hue\Hue.csproj", "{FA43AF0D-9F77-4695-849D-FD26367C9089}"
EndProject
Global
	GlobalSection(SolutionConfigurationPlatforms) = preSolution
		Debug|x64 = Debug|x64
		Release|x64 = Release|x64
	EndGlobalSection
	GlobalSection(ProjectConfigurationPlatforms) = postSolution
		{24588121-965F-4FD8-A3BC-70D98034C1BE}.Debug|x64.ActiveCfg = Debug|x64
		{24588121-965F-4FD8-A3BC-70D98034C1BE}.Debug|x64.Build.0 = Debug|x64
		{24588121-965F-4FD8-A3BC-70D98034C1BE}.Release|x64.ActiveCfg = Release|x64
		{24588121-965F-4FD8-A3BC-70D98034C1BE}.Release|x64.Build.0 = Release|x64
		{1D0F991E-029D-4DF9-AF05-955F0C8849BF}.Debug|x64.ActiveCfg = Debug|x64
		{1D0F991E-029D-4DF9-AF05-955F0C8849BF}.Debug|x64.Build.0 = Debug|x64
		{1D0F991E-029D-4DF9-AF05-955F0C8849BF}.Release|x64.ActiveCfg = Release|x64
		{1D0F991E-029D-4DF9-AF05-955F0C8849BF}.Release|x64.Build.0 = Release|x64
		{18C468E0-B4F0-4F26-AECF-D072DF9D0EAD}.Debug|x64.ActiveCfg = Debug|x64
		{18C468E0-B4F0-4F26-AECF-D072DF9D0EAD}.Debug|x64.Build.0 = Debug|x64
		{18C468E0-B4F0-4F26-AECF-D072DF9D0EAD}.Release|x64.ActiveCfg = Release|x64
		{18C468E0-B4F0-4F26-AECF-D072DF9D0EAD}.Release|x64.Build.0 = Release|x64
		{1D1B4BDB-1263-4BF6-9C55-E838351B4FA3}.Debug|x64.ActiveCfg = Debug|x64
		{1D1B4BDB-1263-4BF6-9C55-E838351B4FA3}.Debug|x64.Build.0 = Debug|x64
		{1D1B4BDB-1263-4BF6-9C55-E838351B4FA3}.Release|x64.ActiveCfg = Release|x64
		{1D1B4BDB-1263-4BF6-9C55-E838351B4FA3}.Release|x64.Build.0 = Release|x64
		{30835CE6-BA60-41FD-9638-8C3706733B07}.Debug|x64.ActiveCfg = Debug|x64
		{30835CE6-BA60-41FD-9638-8C3706733B07}.Debug|x64.Build.0 = Debug|x64
		{30835CE6-BA60-41FD-9638-8C3706733B07}.Release|x64.ActiveCfg = Release|x64
		{30835CE6-BA60-41FD-9638-8C3706733B07}.Release|x64.Build.0 = Release|x64
		{1F3A5E52-472D-4EA2-8306-86A5EB1A4FDA}.Debug|x64.ActiveCfg = Debug|x64
		{1F3A5E52-472D-4EA2-8306-86A5EB1A4FDA}.Debug|x64.Build.0 = Debug|x64
		{1F3A5E52-472D-4EA2-8306-86A5EB1A4FDA}.Release|x64.ActiveCfg = Release|x64
		{1F3A5E52-472D-4EA2-8306-86A5EB1A4FDA}.Release|x64.Build.0 = Release|x64
		{29891BA0-047E-40B3-AD96-F8E53CD7B3D6}.Debug|x64.ActiveCfg = Debug|x64
		{29891BA0-047E-40B3-AD96-F8E53CD7B3D6}.Debug|x64.Build.0 = Debug|x64
		{29891BA0-047E-40B3-AD96-F8E53CD7B3D6}.Release|x64.ActiveCfg = Release|x64
		{29891BA0-047E-40B3-AD96-F8E53CD7B3D6}.Release|x64.Build.0 = Release|x64
		{E02C902E-E5D1-4ABE-B1DE-F4756FBE187C}.Debug|x64.ActiveCfg = Debug|x64
		{E02C902E-E5D1-4ABE-B1DE-F4756FBE187C}.Debug|x64.Build.0 = Debug|x64
		{E02C902E-E5D1-4ABE-B1DE-F4756FBE187C}.Release|x64.ActiveCfg = Release|x64
		{E02C902E-E5D1-4ABE-B1DE-F4756FBE187C}.Release|x64.Build.0 = Release|x64
		{10E30F77-31F7-425B-B615-842881A633B6}.Debug|x64.ActiveCfg = Debug|x64
		{10E30F77-31F7-425B-B615-842881A633B6}.Debug|x64.Build.0 = Debug|x64
		{10E30F77-31F7-425B-B615-842881A633B6}.Release|x64.ActiveCfg = Release|x64
		{10E30F77-31F7-425B-B615-842881A633B6}.Release|x64.Build.0 = Release|x64
		{336D1285-336B-4143-8C8A-6A6ABC7EE986}.Debug|x64.ActiveCfg = Debug|x64
		{336D1285-336B-4143-8C8A-6A6ABC7EE986}.Debug|x64.Build.0 = Debug|x64
		{336D1285-336B-4143-8C8A-6A6ABC7EE986}.Release|x64.ActiveCfg = Release|x64
		{336D1285-336B-4143-8C8A-6A6ABC7EE986}.Release|x64.Build.0 = Release|x64
		{FA43AF0D-9F77-4695-849D-FD26367C9089}.Debug|x64.ActiveCfg = Debug|x64
		{FA43AF0D-9F77-4695-849D-FD26367C9089}.Debug|x64.Build.0 = Debug|x64
		{FA43AF0D-9F77-4695-849D-FD26367C9089}.Release|x64.ActiveCfg = Release|x64
		{FA43AF0D-9F77-4695-849D-FD26367C9089}.Release|x64.Build.0 = Release|x64
	EndGlobalSection
	GlobalSection(SolutionProperties) = preSolution
		HideSolutionNode = FALSE
	EndGlobalSection
	GlobalSection(ExtensibilityGlobals) = postSolution
		SolutionGuid = {B3C7411B-49E2-484E-8B9E-445B59F21CEC}
	EndGlobalSection
EndGlobal
